# THIS IS AN AUTOGENERATED FILE. DO NOT EDIT THIS FILE DIRECTLY.
# yarn lockfile v1


cropperjs@^1.5.13:
  version "1.5.13"
  resolved "https://registry.yarnpkg.com/cropperjs/-/cropperjs-1.5.13.tgz#eb1682f01d17c70ed5244317091d745c9a249ef8"
  integrity sha512-by7jKAo73y5/Do0K6sxdTKHgndY0NMjG2bEdgeJxycbcmHuCiMXqw8sxy5C5Y5WTOTcDGmbT7Sr5CgKOXR06OA==
